
Microsoft Visual Studio Solution File, Format Version 12.00
# Visual Studio Version 17
VisualStudioVersion = 17.11.35222.181
MinimumVisualStudioVersion = 10.0.40219.1
Project("{9A19103F-16F7-4668-BE54-9A1E7A4F7556}") = "assignment1", "assignment1\assignment1.csproj", "{8CF78868-1B2E-439D-BC54-5C8406E6B01D}"
EndProject
Project("{FAE04EC0-301F-11D3-BF4B-00C04F79EFBC}") = "assignment2", "assignment2\assignment2.csproj", "{99C1545D-760F-4F0A-9C90-52EBCCF517F0}"
EndProject
Project("{FAE04EC0-301F-11D3-BF4B-00C04F79EFBC}") = "assignment3", "assignment3\assignment3.csproj", "{1205C309-90DF-41CE-A5C3-E44D6BC7392B}"
EndProject
Project("{FAE04EC0-301F-11D3-BF4B-00C04F79EFBC}") = "assignment4", "assignment4\assignment4.csproj", "{B40FACFD-DC52-4446-B60C-FB7647A1A1F9}"
EndProject
Project("{FAE04EC0-301F-11D3-BF4B-00C04F79EFBC}") = "assignment5", "assignment5\assignment5.csproj", "{F956BACB-8C2A-415B-B2BD-005E44E27C5E}"
EndProject
Project("{FAE04EC0-301F-11D3-BF4B-00C04F79EFBC}") = "assignment6", "assignment6\assignment6.csproj", "{2B32A893-A73C-4F8C-A20F-0907A77222DA}"
EndProject
Project("{FAE04EC0-301F-11D3-BF4B-00C04F79EFBC}") = "assignment7", "assignment7\assignment7.csproj", "{AA23CD67-250B-496E-B7B7-9F0C5AAA4500}"
EndProject
Project("{FAE04EC0-301F-11D3-BF4B-00C04F79EFBC}") = "assignment8", "assignment8\assignment8.csproj", "{8C4B33B4-64D4-40BC-AA30-DCC17E3D9537}"
EndProject
Global
	GlobalSection(SolutionConfigurationPlatforms) = preSolution
		Debug|Any CPU = Debug|Any CPU
		Release|Any CPU = Release|Any CPU
	EndGlobalSection
	GlobalSection(ProjectConfigurationPlatforms) = postSolution
		{8CF78868-1B2E-439D-BC54-5C8406E6B01D}.Debug|Any CPU.ActiveCfg = Debug|Any CPU
		{8CF78868-1B2E-439D-BC54-5C8406E6B01D}.Debug|Any CPU.Build.0 = Debug|Any CPU
		{8CF78868-1B2E-439D-BC54-5C8406E6B01D}.Release|Any CPU.ActiveCfg = Release|Any CPU
		{8CF78868-1B2E-439D-BC54-5C8406E6B01D}.Release|Any CPU.Build.0 = Release|Any CPU
		{99C1545D-760F-4F0A-9C90-52EBCCF517F0}.Debug|Any CPU.ActiveCfg = Debug|Any CPU
		{99C1545D-760F-4F0A-9C90-52EBCCF517F0}.Debug|Any CPU.Build.0 = Debug|Any CPU
		{99C1545D-760F-4F0A-9C90-52EBCCF517F0}.Release|Any CPU.ActiveCfg = Release|Any CPU
		{99C1545D-760F-4F0A-9C90-52EBCCF517F0}.Release|Any CPU.Build.0 = Release|Any CPU
		{1205C309-90DF-41CE-A5C3-E44D6BC7392B}.Debug|Any CPU.ActiveCfg = Debug|Any CPU
		{1205C309-90DF-41CE-A5C3-E44D6BC7392B}.Debug|Any CPU.Build.0 = Debug|Any CPU
		{1205C309-90DF-41CE-A5C3-E44D6BC7392B}.Release|Any CPU.ActiveCfg = Release|Any CPU
		{1205C309-90DF-41CE-A5C3-E44D6BC7392B}.Release|Any CPU.Build.0 = Release|Any CPU
		{B40FACFD-DC52-4446-B60C-FB7647A1A1F9}.Debug|Any CPU.ActiveCfg = Debug|Any CPU
		{B40FACFD-DC52-4446-B60C-FB7647A1A1F9}.Debug|Any CPU.Build.0 = Debug|Any CPU
		{B40FACFD-DC52-4446-B60C-FB7647A1A1F9}.Release|Any CPU.ActiveCfg = Release|Any CPU
		{B40FACFD-DC52-4446-B60C-FB7647A1A1F9}.Release|Any CPU.Build.0 = Release|Any CPU
		{F956BACB-8C2A-415B-B2BD-005E44E27C5E}.Debug|Any CPU.ActiveCfg = Debug|Any CPU
		{F956BACB-8C2A-415B-B2BD-005E44E27C5E}.Debug|Any CPU.Build.0 = Debug|Any CPU
		{F956BACB-8C2A-415B-B2BD-005E44E27C5E}.Release|Any CPU.ActiveCfg = Release|Any CPU
		{F956BACB-8C2A-415B-B2BD-005E44E27C5E}.Release|Any CPU.Build.0 = Release|Any CPU
		{2B32A893-A73C-4F8C-A20F-0907A77222DA}.Debug|Any CPU.ActiveCfg = Debug|Any CPU
		{2B32A893-A73C-4F8C-A20F-0907A77222DA}.Debug|Any CPU.Build.0 = Debug|Any CPU
		{2B32A893-A73C-4F8C-A20F-0907A77222DA}.Release|Any CPU.ActiveCfg = Release|Any CPU
		{2B32A893-A73C-4F8C-A20F-0907A77222DA}.Release|Any CPU.Build.0 = Release|Any CPU
		{AA23CD67-250B-496E-B7B7-9F0C5AAA4500}.Debug|Any CPU.ActiveCfg = Debug|Any CPU
		{AA23CD67-250B-496E-B7B7-9F0C5AAA4500}.Debug|Any CPU.Build.0 = Debug|Any CPU
		{AA23CD67-250B-496E-B7B7-9F0C5AAA4500}.Release|Any CPU.ActiveCfg = Release|Any CPU
		{AA23CD67-250B-496E-B7B7-9F0C5AAA4500}.Release|Any CPU.Build.0 = Release|Any CPU
		{8C4B33B4-64D4-40BC-AA30-DCC17E3D9537}.Debug|Any CPU.ActiveCfg = Debug|Any CPU
		{8C4B33B4-64D4-40BC-AA30-DCC17E3D9537}.Debug|Any CPU.Build.0 = Debug|Any CPU
		{8C4B33B4-64D4-40BC-AA30-DCC17E3D9537}.Release|Any CPU.ActiveCfg = Release|Any CPU
		{8C4B33B4-64D4-40BC-AA30-DCC17E3D9537}.Release|Any CPU.Build.0 = Release|Any CPU
	EndGlobalSection
	GlobalSection(SolutionProperties) = preSolution
		HideSolutionNode = FALSE
	EndGlobalSection
	GlobalSection(ExtensibilityGlobals) = postSolution
		SolutionGuid = {C3915A43-8D3E-4897-96D6-9EAA4D48C147}
	EndGlobalSection
EndGlobal
